
Microsoft Visual Studio Solution File, Format Version 12.00
# Visual Studio Version 16
VisualStudioVersion = 16.0.29123.88
MinimumVisualStudioVersion = 10.0.40219.1
Project("{9A19103F-16F7-4668-BE54-9A1E7A4F7556}") = "Poller", "Poller\Poller\Poller.csproj", "{E0C913EE-0774-4E8D-B06D-DCB5885F9869}"
EndProject
Project("{9A19103F-16F7-4668-BE54-9A1E7A4F7556}") = "Poller.Taboola", "Poller\Poller.Taboola\Poller.Taboola.csproj", "{37D93EFE-30D7-400E-88CD-23F67D1CF425}"
EndProject
Project("{9A19103F-16F7-4668-BE54-9A1E7A4F7556}") = "Poller.Host", "Poller\Poller.Host\Poller.Host.csproj", "{8D05BA23-A537-470C-8499-87970CDC97F6}"
EndProject
Project("{9A19103F-16F7-4668-BE54-9A1E7A4F7556}") = "Poller.GoogleAds", "Poller\Poller.GoogleAds\Poller.GoogleAds.csproj", "{FABAF71A-FF76-4F1D-A886-96B4FB55C5BB}"
EndProject
Project("{9A19103F-16F7-4668-BE54-9A1E7A4F7556}") = "Poller.Test", "Poller\Poller.Test\Poller.Test.csproj", "{0DC64F12-5E05-433A-B4E6-0699F08198DB}"
EndProject
Project("{9A19103F-16F7-4668-BE54-9A1E7A4F7556}") = "Maximiz", "Web\Maximiz.csproj", "{991D0887-355B-4C93-9354-9D728BBB00E8}"
EndProject
Project("{2150E333-8FDC-42A3-9474-1A3956D46DE8}") = "PollerService", "PollerService", "{1A4F64C2-889E-4407-A807-01D304C4B180}"
EndProject
Project("{2150E333-8FDC-42A3-9474-1A3956D46DE8}") = "Web", "Web", "{DDC519BB-097B-4327-999F-30D7E1B69FDC}"
EndProject
Project("{2150E333-8FDC-42A3-9474-1A3956D46DE8}") = "Data", "Data", "{AC48AC44-835B-4E91-A00E-0B37669C9380}"
EndProject
Project("{9A19103F-16F7-4668-BE54-9A1E7A4F7556}") = "Maximiz.Model", "Model\Maximiz.Model.csproj", "{D0C09AB3-45B2-4CED-8FA2-64274D0F4F00}"
EndProject
Project("{9A19103F-16F7-4668-BE54-9A1E7A4F7556}") = "Laixer.Library", "Laixer.Library\Laixer.Library.csproj", "{E74D0C30-DBC6-44A1-9CE7-AA8EE027E4CE}"
EndProject
Project("{9A19103F-16F7-4668-BE54-9A1E7A4F7556}") = "Maximiz.Helper", "Maximiz.Helper\Maximiz.Helper.csproj", "{1D86D62B-9823-4F39-8B31-3553980518EC}"
EndProject
Project("{9A19103F-16F7-4668-BE54-9A1E7A4F7556}") = "Poller.FunctionHost", "Poller\Poller.FunctionHost\Poller.FunctionHost.csproj", "{8A6A52D4-C0DC-4237-A389-7D4606ABA3AB}"
EndProject
Project("{2150E333-8FDC-42A3-9474-1A3956D46DE8}") = "Database", "Database", "{2E147B0C-CD82-40B9-9BFE-B15A355DD233}"
EndProject
Project("{9A19103F-16F7-4668-BE54-9A1E7A4F7556}") = "Maximiz.Database", "Maximiz.Database\Maximiz.Database.csproj", "{0D7098D3-390F-4FBB-BE86-7622139BC12E}"
EndProject
Global
	GlobalSection(SolutionConfigurationPlatforms) = preSolution
		Debug|Any CPU = Debug|Any CPU
		Release|Any CPU = Release|Any CPU
	EndGlobalSection
	GlobalSection(ProjectConfigurationPlatforms) = postSolution
		{E0C913EE-0774-4E8D-B06D-DCB5885F9869}.Debug|Any CPU.ActiveCfg = Debug|Any CPU
		{E0C913EE-0774-4E8D-B06D-DCB5885F9869}.Debug|Any CPU.Build.0 = Debug|Any CPU
		{E0C913EE-0774-4E8D-B06D-DCB5885F9869}.Release|Any CPU.ActiveCfg = Release|Any CPU
		{E0C913EE-0774-4E8D-B06D-DCB5885F9869}.Release|Any CPU.Build.0 = Release|Any CPU
		{37D93EFE-30D7-400E-88CD-23F67D1CF425}.Debug|Any CPU.ActiveCfg = Debug|Any CPU
		{37D93EFE-30D7-400E-88CD-23F67D1CF425}.Debug|Any CPU.Build.0 = Debug|Any CPU
		{37D93EFE-30D7-400E-88CD-23F67D1CF425}.Release|Any CPU.ActiveCfg = Release|Any CPU
		{37D93EFE-30D7-400E-88CD-23F67D1CF425}.Release|Any CPU.Build.0 = Release|Any CPU
		{8D05BA23-A537-470C-8499-87970CDC97F6}.Debug|Any CPU.ActiveCfg = Debug|Any CPU
		{8D05BA23-A537-470C-8499-87970CDC97F6}.Debug|Any CPU.Build.0 = Debug|Any CPU
		{8D05BA23-A537-470C-8499-87970CDC97F6}.Release|Any CPU.ActiveCfg = Release|Any CPU
		{8D05BA23-A537-470C-8499-87970CDC97F6}.Release|Any CPU.Build.0 = Release|Any CPU
		{FABAF71A-FF76-4F1D-A886-96B4FB55C5BB}.Debug|Any CPU.ActiveCfg = Debug|Any CPU
		{FABAF71A-FF76-4F1D-A886-96B4FB55C5BB}.Debug|Any CPU.Build.0 = Debug|Any CPU
		{FABAF71A-FF76-4F1D-A886-96B4FB55C5BB}.Release|Any CPU.ActiveCfg = Release|Any CPU
		{FABAF71A-FF76-4F1D-A886-96B4FB55C5BB}.Release|Any CPU.Build.0 = Release|Any CPU
		{0DC64F12-5E05-433A-B4E6-0699F08198DB}.Debug|Any CPU.ActiveCfg = Debug|Any CPU
		{0DC64F12-5E05-433A-B4E6-0699F08198DB}.Debug|Any CPU.Build.0 = Debug|Any CPU
		{0DC64F12-5E05-433A-B4E6-0699F08198DB}.Release|Any CPU.ActiveCfg = Release|Any CPU
		{0DC64F12-5E05-433A-B4E6-0699F08198DB}.Release|Any CPU.Build.0 = Release|Any CPU
		{991D0887-355B-4C93-9354-9D728BBB00E8}.Debug|Any CPU.ActiveCfg = Debug|Any CPU
		{991D0887-355B-4C93-9354-9D728BBB00E8}.Debug|Any CPU.Build.0 = Debug|Any CPU
		{991D0887-355B-4C93-9354-9D728BBB00E8}.Release|Any CPU.ActiveCfg = Release|Any CPU
		{991D0887-355B-4C93-9354-9D728BBB00E8}.Release|Any CPU.Build.0 = Release|Any CPU
		{D0C09AB3-45B2-4CED-8FA2-64274D0F4F00}.Debug|Any CPU.ActiveCfg = Debug|Any CPU
		{D0C09AB3-45B2-4CED-8FA2-64274D0F4F00}.Debug|Any CPU.Build.0 = Debug|Any CPU
		{D0C09AB3-45B2-4CED-8FA2-64274D0F4F00}.Release|Any CPU.ActiveCfg = Release|Any CPU
		{D0C09AB3-45B2-4CED-8FA2-64274D0F4F00}.Release|Any CPU.Build.0 = Release|Any CPU
		{E74D0C30-DBC6-44A1-9CE7-AA8EE027E4CE}.Debug|Any CPU.ActiveCfg = Debug|Any CPU
		{E74D0C30-DBC6-44A1-9CE7-AA8EE027E4CE}.Debug|Any CPU.Build.0 = Debug|Any CPU
		{E74D0C30-DBC6-44A1-9CE7-AA8EE027E4CE}.Release|Any CPU.ActiveCfg = Release|Any CPU
		{E74D0C30-DBC6-44A1-9CE7-AA8EE027E4CE}.Release|Any CPU.Build.0 = Release|Any CPU
		{1D86D62B-9823-4F39-8B31-3553980518EC}.Debug|Any CPU.ActiveCfg = Debug|Any CPU
		{1D86D62B-9823-4F39-8B31-3553980518EC}.Debug|Any CPU.Build.0 = Debug|Any CPU
		{1D86D62B-9823-4F39-8B31-3553980518EC}.Release|Any CPU.ActiveCfg = Release|Any CPU
		{1D86D62B-9823-4F39-8B31-3553980518EC}.Release|Any CPU.Build.0 = Release|Any CPU
		{8A6A52D4-C0DC-4237-A389-7D4606ABA3AB}.Debug|Any CPU.ActiveCfg = Debug|Any CPU
		{8A6A52D4-C0DC-4237-A389-7D4606ABA3AB}.Debug|Any CPU.Build.0 = Debug|Any CPU
		{8A6A52D4-C0DC-4237-A389-7D4606ABA3AB}.Release|Any CPU.ActiveCfg = Release|Any CPU
		{8A6A52D4-C0DC-4237-A389-7D4606ABA3AB}.Release|Any CPU.Build.0 = Release|Any CPU
		{0D7098D3-390F-4FBB-BE86-7622139BC12E}.Debug|Any CPU.ActiveCfg = Debug|Any CPU
		{0D7098D3-390F-4FBB-BE86-7622139BC12E}.Debug|Any CPU.Build.0 = Debug|Any CPU
		{0D7098D3-390F-4FBB-BE86-7622139BC12E}.Release|Any CPU.ActiveCfg = Release|Any CPU
		{0D7098D3-390F-4FBB-BE86-7622139BC12E}.Release|Any CPU.Build.0 = Release|Any CPU
	EndGlobalSection
	GlobalSection(SolutionProperties) = preSolution
		HideSolutionNode = FALSE
	EndGlobalSection
	GlobalSection(NestedProjects) = preSolution
		{E0C913EE-0774-4E8D-B06D-DCB5885F9869} = {1A4F64C2-889E-4407-A807-01D304C4B180}
		{37D93EFE-30D7-400E-88CD-23F67D1CF425} = {1A4F64C2-889E-4407-A807-01D304C4B180}
		{8D05BA23-A537-470C-8499-87970CDC97F6} = {1A4F64C2-889E-4407-A807-01D304C4B180}
		{FABAF71A-FF76-4F1D-A886-96B4FB55C5BB} = {1A4F64C2-889E-4407-A807-01D304C4B180}
		{0DC64F12-5E05-433A-B4E6-0699F08198DB} = {1A4F64C2-889E-4407-A807-01D304C4B180}
		{991D0887-355B-4C93-9354-9D728BBB00E8} = {DDC519BB-097B-4327-999F-30D7E1B69FDC}
		{D0C09AB3-45B2-4CED-8FA2-64274D0F4F00} = {AC48AC44-835B-4E91-A00E-0B37669C9380}
		{1D86D62B-9823-4F39-8B31-3553980518EC} = {AC48AC44-835B-4E91-A00E-0B37669C9380}
		{8A6A52D4-C0DC-4237-A389-7D4606ABA3AB} = {1A4F64C2-889E-4407-A807-01D304C4B180}
		{0D7098D3-390F-4FBB-BE86-7622139BC12E} = {2E147B0C-CD82-40B9-9BFE-B15A355DD233}
	EndGlobalSection
	GlobalSection(ExtensibilityGlobals) = postSolution
		SolutionGuid = {4EEF981B-C003-46FF-9520-3309BC45C57C}
	EndGlobalSection
EndGlobal
